{
  "name": "ex",
  "version": "0.0.1",
  "lockfileVersion": 1,
  "requires": true,
  "dependencies": {
    "tsc-checkjs-broken-dep": {
      "version": "file:../../../tsc-checkjs-broken-dep/tsc-checkjs-broken-dep-0.0.1.tgz",
      "integrity": "sha512-0gdwiIVFcZKWt4Bt2eBJNkJBs2y6BugMBDql3nC26+YUwU7rAR5II+8FfCUbsBpLMzyBeQsYLMrienIV81JF7A=="
    }
  }
}
